<?xml version="1.0" encoding="utf-8"?>
<Project ToolsVersion="4.0" xmlns="http://schemas.microsoft.com/developer/msbuild/2003">
  <ItemGroup>
    <ClCompile Include="src\file_tracker.cpp">
      <Filter>src</Filter>
    </ClCompile>
    <ClCompile Include="src\file_tree_walker.cpp">
      <Filter>src</Filter>
    </ClCompile>
    <ClCompile Include="src\fit.cpp">
      <Filter>src</Filter>
    </ClCompile>
    <ClCompile Include="src\print_stream.cpp">
      <Filter>src</Filter>
    </ClCompile>
    <ClCompile Include="src\sqlite.cpp">
      <Filter>src</Filter>
    </ClCompile>
    <ClCompile Include="src\exif_reader.cpp">
      <Filter>src</Filter>
    </ClCompile>
    <ClCompile Include="src\unicode.cpp">
      <Filter>src</Filter>
    </ClCompile>
    <ClCompile Include="src\mb_hasher_tmpl.cpp">
      <Filter>src</Filter>
    </ClCompile>
    <ClCompile Include="src\scanset_bitmap.cpp">
      <Filter>src</Filter>
    </ClCompile>
    <ClCompile Include="src\sqlite_tmpl.cpp">
      <Filter>src</Filter>
    </ClCompile>
    <ClCompile Include="src\format.cpp">
      <Filter>src</Filter>
    </ClCompile>
  </ItemGroup>
  <ItemGroup>
    <ClInclude Include="src\file_tracker.h">
      <Filter>src</Filter>
    </ClInclude>
    <ClInclude Include="src\file_tree_walker.h">
      <Filter>src</Filter>
    </ClInclude>
    <ClInclude Include="src\fit.h">
      <Filter>src</Filter>
    </ClInclude>
    <ClInclude Include="src\print_stream.h">
      <Filter>src</Filter>
    </ClInclude>
    <ClInclude Include="src\sqlite.h">
      <Filter>src</Filter>
    </ClInclude>
    <ClInclude Include="src\exif_reader.h">
      <Filter>src</Filter>
    </ClInclude>
    <ClInclude Include="src\unicode.h">
      <Filter>src</Filter>
    </ClInclude>
    <ClInclude Include="src\mb_hasher.h">
      <Filter>src</Filter>
    </ClInclude>
    <ClInclude Include="src\mb_sha256_traits.h">
      <Filter>src</Filter>
    </ClInclude>
    <ClInclude Include="src\scanset_bitmap.h">
      <Filter>src</Filter>
    </ClInclude>
    <ClInclude Include="src\format.h">
      <Filter>src</Filter>
    </ClInclude>
  </ItemGroup>
  <ItemGroup>
    <None Include="README.md" />
    <None Include=".gitignore" />
    <None Include="LICENSE" />
    <None Include="Makefile" />
    <None Include="packages.config" />
  </ItemGroup>
  <ItemGroup>
    <Filter Include="lib">
      <UniqueIdentifier>{c7770fb5-fa31-48f7-9aea-190976cb1f8f}</UniqueIdentifier>
    </Filter>
    <Filter Include="src">
      <UniqueIdentifier>{8e7febfd-c757-43f3-a731-284da0b7f470}</UniqueIdentifier>
    </Filter>
    <Filter Include="lib\Debug">
      <UniqueIdentifier>{93541502-3032-4419-9e35-4098cd5718b9}</UniqueIdentifier>
    </Filter>
    <Filter Include="lib\Release">
      <UniqueIdentifier>{7854fb00-0d78-40f1-b21c-874198ac087e}</UniqueIdentifier>
    </Filter>
  </ItemGroup>
  <ItemGroup>
    <Library Include="$(Exiv2Dir)lib\$(Platform)\Debug\$(Exiv2Name).lib">
      <Filter>lib\Debug</Filter>
    </Library>
    <Library Include="$(LibExpatDir)lib\$(Platform)\Debug\$(LibExpatName).lib">
      <Filter>lib\Debug</Filter>
    </Library>
    <Library Include="$(SQLiteDir)lib\$(Platform)\Debug\$(SQLiteLibName).lib">
      <Filter>lib\Debug</Filter>
    </Library>
    <Library Include="$(ZLibDir)lib\$(Platform)\Debug\$(ZLibName).lib">
      <Filter>lib\Debug</Filter>
    </Library>
    <Library Include="$(IsaLibCryptoDir)lib\$(Platform)\Debug\$(IsaLibCryptoName).lib">
      <Filter>lib\Debug</Filter>
    </Library>
    <Library Include="$(Exiv2Dir)lib\$(Platform)\Release\$(Exiv2Name).lib">
      <Filter>lib\Release</Filter>
    </Library>
    <Library Include="$(IsaLibCryptoDir)lib\$(Platform)\Release\$(IsaLibCryptoName).lib">
      <Filter>lib\Release</Filter>
    </Library>
    <Library Include="$(LibExpatDir)lib\$(Platform)\Release\$(LibExpatName).lib">
      <Filter>lib\Release</Filter>
    </Library>
    <Library Include="$(SQLiteDir)lib\$(Platform)\Release\$(SQLiteLibName).lib">
      <Filter>lib\Release</Filter>
    </Library>
    <Library Include="$(ZLibDir)lib\$(Platform)\Release\$(ZLibName).lib">
      <Filter>lib\Release</Filter>
    </Library>
  </ItemGroup>
</Project>