
Microsoft Visual Studio Solution File, Format Version 12.00
# Visual Studio Version 17
VisualStudioVersion = 17.7.34031.279
MinimumVisualStudioVersion = 10.0.40219.1
Project("{8BC9CEB8-8B4A-11D0-8D11-00A0C91BC942}") = "fit", "fit.vcxproj", "{A725AE64-02D2-40B6-9D40-BE20E2209242}"
EndProject
Project("{2150E333-8FDC-42A3-9474-1A3956D46DE8}") = "devops", "devops", "{373C68B3-1175-4036-8D2F-F84755C9B108}"
	ProjectSection(SolutionItems) = preProject
		devops\check-sha256.bat = devops\check-sha256.bat
		devops\Dockerfile.fedora = devops\Dockerfile.fedora
		devops\Dockerfile.ubuntu = devops\Dockerfile.ubuntu
		devops\exiv2-suppress-warnings.patch = devops\exiv2-suppress-warnings.patch
		devops\get-exiv2 = devops\get-exiv2
		devops\get-fmt = devops\get-fmt
		devops\get-isa-l_crypto = devops\get-isa-l_crypto
		devops\get-sha256 = devops\get-sha256
		devops\get-sha256.bat = devops\get-sha256.bat
	EndProjectSection
EndProject
Project("{2150E333-8FDC-42A3-9474-1A3956D46DE8}") = "sql", "sql", "{4CCE7C08-066C-4734-8DFA-18A17D3104CB}"
	ProjectSection(SolutionItems) = preProject
		sql\group-dir-size.sql = sql\group-dir-size.sql
		sql\group-exif-camera-serial.sql = sql\group-exif-camera-serial.sql
		sql\group-exif-camera.sql = sql\group-exif-camera.sql
		sql\group-exif-exp-mode.sql = sql\group-exif-exp-mode.sql
		sql\group-exif-focallength.sql = sql\group-exif-focallength.sql
		sql\group-exif-focallength35mm.sql = sql\group-exif-focallength35mm.sql
		sql\group-exif-month-taken-camera.sql = sql\group-exif-month-taken-camera.sql
		sql\group-exif-xmp-rating.sql = sql\group-exif-xmp-rating.sql
		sql\group-exiv2json-focallength35mm.sql = sql\group-exiv2json-focallength35mm.sql
		sql\group-ext-scan.sql = sql\group-ext-scan.sql
		sql\group-large-dirs.sql = sql\group-large-dirs.sql
		sql\group-top-dir.sql = sql\group-top-dir.sql
		sql\list-added-files.sql = sql\list-added-files.sql
		sql\list-changed-files.sql = sql\list-changed-files.sql
		sql\list-dup-files.sql = sql\list-dup-files.sql
		sql\list-exiv2json-fields.sql = sql\list-exiv2json-fields.sql
		sql\list-large-files.sql = sql\list-large-files.sql
		sql\list-moved-files.sql = sql\list-moved-files.sql
		sql\list-removed-files.sql = sql\list-removed-files.sql
		sql\list-scans.sql = sql\list-scans.sql
		sql\show-file-by-hash.sql = sql\show-file-by-hash.sql
		sql\show-file-by-name.sql = sql\show-file-by-name.sql
		sql\upgrade-db_0.0-1.0.sql = sql\upgrade-db_0.0-1.0.sql
		sql\upgrade-db_1.0-2.0.sql = sql\upgrade-db_1.0-2.0.sql
		sql\upgrade-db_2.0-3.0.sql = sql\upgrade-db_2.0-3.0.sql
		sql\upgrade-db_3.0-4.0.sql = sql\upgrade-db_3.0-4.0.sql
		sql\upgrade-db_4.0-5.0.sql = sql\upgrade-db_4.0-5.0.sql
		sql\upgrade-db_6.0-7.0.sql = sql\upgrade-db_6.0-7.0.sql
		sql\upgrade-db_7.0-8.0.sql = sql\upgrade-db_7.0-8.0.sql
	EndProjectSection
EndProject
Project("{2150E333-8FDC-42A3-9474-1A3956D46DE8}") = "workflows", "workflows", "{7A08580E-D448-4CA2-859F-D4CCD7D5A533}"
	ProjectSection(SolutionItems) = preProject
		.github\workflows\build-ci-images.yml = .github\workflows\build-ci-images.yml
		.github\workflows\fit-3.5.0.yml = .github\workflows\fit-3.5.0.yml
	EndProjectSection
EndProject
Project("{8BC9CEB8-8B4A-11D0-8D11-00A0C91BC942}") = "test", "test.vcxproj", "{79B52919-474F-456E-A410-84D4B999F1E5}"
	ProjectSection(ProjectDependencies) = postProject
		{A725AE64-02D2-40B6-9D40-BE20E2209242} = {A725AE64-02D2-40B6-9D40-BE20E2209242}
	EndProjectSection
EndProject
Global
	GlobalSection(SolutionConfigurationPlatforms) = preSolution
		Debug|x64 = Debug|x64
		Release|x64 = Release|x64
	EndGlobalSection
	GlobalSection(ProjectConfigurationPlatforms) = postSolution
		{A725AE64-02D2-40B6-9D40-BE20E2209242}.Debug|x64.ActiveCfg = Debug|x64
		{A725AE64-02D2-40B6-9D40-BE20E2209242}.Debug|x64.Build.0 = Debug|x64
		{A725AE64-02D2-40B6-9D40-BE20E2209242}.Release|x64.ActiveCfg = Release|x64
		{A725AE64-02D2-40B6-9D40-BE20E2209242}.Release|x64.Build.0 = Release|x64
		{79B52919-474F-456E-A410-84D4B999F1E5}.Debug|x64.ActiveCfg = Debug|x64
		{79B52919-474F-456E-A410-84D4B999F1E5}.Debug|x64.Build.0 = Debug|x64
		{79B52919-474F-456E-A410-84D4B999F1E5}.Release|x64.ActiveCfg = Release|x64
		{79B52919-474F-456E-A410-84D4B999F1E5}.Release|x64.Build.0 = Release|x64
	EndGlobalSection
	GlobalSection(SolutionProperties) = preSolution
		HideSolutionNode = FALSE
	EndGlobalSection
	GlobalSection(ExtensibilityGlobals) = postSolution
		SolutionGuid = {A55E27E3-92EB-4C0A-B11C-DC444D72FAB5}
	EndGlobalSection
EndGlobal
