<?xml version="1.0" encoding="utf-8"?>
<Project ToolsVersion="4.0" xmlns="http://schemas.microsoft.com/developer/msbuild/2003">
  <ItemGroup>
    <ClCompile Include="src\file_tracker.cpp">
      <Filter>src</Filter>
    </ClCompile>
    <ClCompile Include="src\file_tree_walker.cpp">
      <Filter>src</Filter>
    </ClCompile>
    <ClCompile Include="src\fit.cpp">
      <Filter>src</Filter>
    </ClCompile>
    <ClCompile Include="src\print_stream.cpp">
      <Filter>src</Filter>
    </ClCompile>
    <ClCompile Include="src\sqlite.cpp">
      <Filter>src</Filter>
    </ClCompile>
    <ClCompile Include="src\sha256\sha256.c">
      <Filter>sha256</Filter>
    </ClCompile>
    <ClCompile Include="src\exif_reader.cpp">
      <Filter>src</Filter>
    </ClCompile>
  </ItemGroup>
  <ItemGroup>
    <ClInclude Include="src\file_tracker.h">
      <Filter>src</Filter>
    </ClInclude>
    <ClInclude Include="src\file_tree_walker.h">
      <Filter>src</Filter>
    </ClInclude>
    <ClInclude Include="src\fit.h">
      <Filter>src</Filter>
    </ClInclude>
    <ClInclude Include="src\print_stream.h">
      <Filter>src</Filter>
    </ClInclude>
    <ClInclude Include="src\sqlite.h">
      <Filter>src</Filter>
    </ClInclude>
    <ClInclude Include="src\sha256\sha256.h">
      <Filter>sha256</Filter>
    </ClInclude>
    <ClInclude Include="src\exif_reader.h">
      <Filter>src</Filter>
    </ClInclude>
  </ItemGroup>
  <ItemGroup>
    <None Include="README.md" />
    <None Include=".gitignore" />
    <None Include="LICENSE" />
    <None Include="Makefile" />
    <None Include="packages.config" />
  </ItemGroup>
  <ItemGroup>
    <Filter Include="sha256">
      <UniqueIdentifier>{f0cfd38e-9ea3-4e67-8ff1-9054758aa532}</UniqueIdentifier>
    </Filter>
    <Filter Include="lib">
      <UniqueIdentifier>{c7770fb5-fa31-48f7-9aea-190976cb1f8f}</UniqueIdentifier>
    </Filter>
    <Filter Include="src">
      <UniqueIdentifier>{8e7febfd-c757-43f3-a731-284da0b7f470}</UniqueIdentifier>
    </Filter>
  </ItemGroup>
  <ItemGroup>
    <Library Include="$(ZLibDir)lib\$(Platform)\$(Configuration)\$(ZLibName).lib">
      <Filter>lib</Filter>
    </Library>
    <Library Include="$(SQLiteDir)lib\$(Platform)\$(Configuration)\$(SQLiteLibName).lib">
      <Filter>lib</Filter>
    </Library>
    <Library Include="$(Exiv2Dir)lib\$(Platform)\$(Configuration)\$(Exiv2XMPName).lib">
      <Filter>lib</Filter>
    </Library>
    <Library Include="$(Exiv2Dir)lib\$(Platform)\$(Configuration)\$(Exiv2Name).lib">
      <Filter>lib</Filter>
    </Library>
    <Library Include="$(LibExpatDir)lib\$(Platform)\$(Configuration)\$(LibExpatName).lib">
      <Filter>lib</Filter>
    </Library>
  </ItemGroup>
</Project>